Microsoft Visual Studio Solution File, Format Version 12.00
# Visual Studio Version 17
VisualStudioVersion = 17.5.2.0
MinimumVisualStudioVersion = 10.0.40219.1
Project("{FAE04EC0-301F-11D3-BF4B-00C04F79EFBC}") = "Div0", "Div0.csproj", "{327DE8D2-5DD4-E146-DCA3-6C2DCADF54F3}"
EndProject
Global
	GlobalSection(SolutionConfigurationPlatforms) = preSolution
		Debug|Any CPU = Debug|Any CPU
		Release|Any CPU = Release|Any CPU
	EndGlobalSection
	GlobalSection(ProjectConfigurationPlatforms) = postSolution
		{327DE8D2-5DD4-E146-DCA3-6C2DCADF54F3}.Debug|Any CPU.ActiveCfg = Debug|Any CPU
		{327DE8D2-5DD4-E146-DCA3-6C2DCADF54F3}.Debug|Any CPU.Build.0 = Debug|Any CPU
		{327DE8D2-5DD4-E146-DCA3-6C2DCADF54F3}.Release|Any CPU.ActiveCfg = Release|Any CPU
		{327DE8D2-5DD4-E146-DCA3-6C2DCADF54F3}.Release|Any CPU.Build.0 = Release|Any CPU
	EndGlobalSection
	GlobalSection(SolutionProperties) = preSolution
		HideSolutionNode = FALSE
	EndGlobalSection
	GlobalSection(ExtensibilityGlobals) = postSolution
		SolutionGuid = {4ADF392C-6EB9-43DC-8FFB-14349FBEC9AB}
	EndGlobalSection
EndGlobal
